
Microsoft Visual Studio Solution File, Format Version 12.00
# Visual Studio Version 16
VisualStudioVersion = 16.0.29326.143
MinimumVisualStudioVersion = 10.0.40219.1
Project("{FAE04EC0-301F-11D3-BF4B-00C04F79EFBC}") = "Algorithms", "ConsoleApp1\Algorithms.csproj", "{485592B2-69B9-4FB8-A9BB-87723526BAE3}"
EndProject
Global
	GlobalSection(SolutionConfigurationPlatforms) = preSolution
		Debug|Any CPU = Debug|Any CPU
		Release|Any CPU = Release|Any CPU
	EndGlobalSection
	GlobalSection(ProjectConfigurationPlatforms) = postSolution
		{485592B2-69B9-4FB8-A9BB-87723526BAE3}.Debug|Any CPU.ActiveCfg = Debug|Any CPU
		{485592B2-69B9-4FB8-A9BB-87723526BAE3}.Debug|Any CPU.Build.0 = Debug|Any CPU
		{485592B2-69B9-4FB8-A9BB-87723526BAE3}.Release|Any CPU.ActiveCfg = Release|Any CPU
		{485592B2-69B9-4FB8-A9BB-87723526BAE3}.Release|Any CPU.Build.0 = Release|Any CPU
	EndGlobalSection
	GlobalSection(SolutionProperties) = preSolution
		HideSolutionNode = FALSE
	EndGlobalSection
	GlobalSection(ExtensibilityGlobals) = postSolution
		SolutionGuid = {64E68DAB-306C-4F5A-ACB6-4B9A1E2FE1AE}
	EndGlobalSection
EndGlobal
